
Microsoft Visual Studio Solution File, Format Version 12.00
# Visual Studio 15
VisualStudioVersion = 15.0.28010.2036
MinimumVisualStudioVersion = 10.0.40219.1
Project("{FAE04EC0-301F-11D3-BF4B-00C04F79EFBC}") = "1.StudentSystem", "1.StudentSystem\1.StudentSystem.csproj", "{B56C75BC-34FA-4BAC-8BE9-33717A858BEB}"
EndProject
Project("{FAE04EC0-301F-11D3-BF4B-00C04F79EFBC}") = "3.FootballBetting", "3.FootballBetting\3.FootballBetting.csproj", "{A81DC4D7-AC2D-4EE7-940D-19C54A04A719}"
EndProject
Global
	GlobalSection(SolutionConfigurationPlatforms) = preSolution
		Debug|Any CPU = Debug|Any CPU
		Release|Any CPU = Release|Any CPU
	EndGlobalSection
	GlobalSection(ProjectConfigurationPlatforms) = postSolution
		{B56C75BC-34FA-4BAC-8BE9-33717A858BEB}.Debug|Any CPU.ActiveCfg = Debug|Any CPU
		{B56C75BC-34FA-4BAC-8BE9-33717A858BEB}.Debug|Any CPU.Build.0 = Debug|Any CPU
		{B56C75BC-34FA-4BAC-8BE9-33717A858BEB}.Release|Any CPU.ActiveCfg = Release|Any CPU
		{B56C75BC-34FA-4BAC-8BE9-33717A858BEB}.Release|Any CPU.Build.0 = Release|Any CPU
		{A81DC4D7-AC2D-4EE7-940D-19C54A04A719}.Debug|Any CPU.ActiveCfg = Debug|Any CPU
		{A81DC4D7-AC2D-4EE7-940D-19C54A04A719}.Debug|Any CPU.Build.0 = Debug|Any CPU
		{A81DC4D7-AC2D-4EE7-940D-19C54A04A719}.Release|Any CPU.ActiveCfg = Release|Any CPU
		{A81DC4D7-AC2D-4EE7-940D-19C54A04A719}.Release|Any CPU.Build.0 = Release|Any CPU
	EndGlobalSection
	GlobalSection(SolutionProperties) = preSolution
		HideSolutionNode = FALSE
	EndGlobalSection
	GlobalSection(ExtensibilityGlobals) = postSolution
		SolutionGuid = {707B57F7-C4B6-4039-B3F2-3C652C1C61C3}
	EndGlobalSection
EndGlobal
